
Microsoft Visual Studio Solution File, Format Version 12.00
# Visual Studio Version 17
VisualStudioVersion = 17.0.31912.275
MinimumVisualStudioVersion = 10.0.40219.1
Project("{8BC9CEB8-8B4A-11D0-8D11-00A0C91BC942}") = "Base", "Base\Base.vcxproj", "{3C762AE8-72D5-4F3C-AE80-866591B725AA}"
EndProject
Project("{8BC9CEB8-8B4A-11D0-8D11-00A0C91BC942}") = "TriangleTest", "TriangleTest\TriangleTest.vcxproj", "{288D179E-850A-4AB0-9035-0C0363722CE0}"
EndProject
Project("{8BC9CEB8-8B4A-11D0-8D11-00A0C91BC942}") = "SpinningCubes", "SpinningCubes\SpinningCubes.vcxproj", "{63D92EC4-6FC2-4CB0-82BE-D7242E95328F}"
EndProject
Project("{8BC9CEB8-8B4A-11D0-8D11-00A0C91BC942}") = "Platformer", "Platformer\Platformer.vcxproj", "{D5C01EB5-64A9-493F-AF89-BFEB108B3290}"
EndProject
Global
	GlobalSection(SolutionConfigurationPlatforms) = preSolution
		Debug|x64 = Debug|x64
		Debug|x86 = Debug|x86
		Release|x64 = Release|x64
		Release|x86 = Release|x86
	EndGlobalSection
	GlobalSection(ProjectConfigurationPlatforms) = postSolution
		{3C762AE8-72D5-4F3C-AE80-866591B725AA}.Debug|x64.ActiveCfg = Debug|x64
		{3C762AE8-72D5-4F3C-AE80-866591B725AA}.Debug|x64.Build.0 = Debug|x64
		{3C762AE8-72D5-4F3C-AE80-866591B725AA}.Debug|x86.ActiveCfg = Debug|Win32
		{3C762AE8-72D5-4F3C-AE80-866591B725AA}.Debug|x86.Build.0 = Debug|Win32
		{3C762AE8-72D5-4F3C-AE80-866591B725AA}.Release|x64.ActiveCfg = Release|x64
		{3C762AE8-72D5-4F3C-AE80-866591B725AA}.Release|x64.Build.0 = Release|x64
		{3C762AE8-72D5-4F3C-AE80-866591B725AA}.Release|x86.ActiveCfg = Release|Win32
		{3C762AE8-72D5-4F3C-AE80-866591B725AA}.Release|x86.Build.0 = Release|Win32
		{288D179E-850A-4AB0-9035-0C0363722CE0}.Debug|x64.ActiveCfg = Debug|x64
		{288D179E-850A-4AB0-9035-0C0363722CE0}.Debug|x64.Build.0 = Debug|x64
		{288D179E-850A-4AB0-9035-0C0363722CE0}.Debug|x86.ActiveCfg = Debug|Win32
		{288D179E-850A-4AB0-9035-0C0363722CE0}.Debug|x86.Build.0 = Debug|Win32
		{288D179E-850A-4AB0-9035-0C0363722CE0}.Release|x64.ActiveCfg = Release|x64
		{288D179E-850A-4AB0-9035-0C0363722CE0}.Release|x64.Build.0 = Release|x64
		{288D179E-850A-4AB0-9035-0C0363722CE0}.Release|x86.ActiveCfg = Release|Win32
		{288D179E-850A-4AB0-9035-0C0363722CE0}.Release|x86.Build.0 = Release|Win32
		{63D92EC4-6FC2-4CB0-82BE-D7242E95328F}.Debug|x64.ActiveCfg = Debug|x64
		{63D92EC4-6FC2-4CB0-82BE-D7242E95328F}.Debug|x64.Build.0 = Debug|x64
		{63D92EC4-6FC2-4CB0-82BE-D7242E95328F}.Debug|x86.ActiveCfg = Debug|Win32
		{63D92EC4-6FC2-4CB0-82BE-D7242E95328F}.Debug|x86.Build.0 = Debug|Win32
		{63D92EC4-6FC2-4CB0-82BE-D7242E95328F}.Release|x64.ActiveCfg = Release|x64
		{63D92EC4-6FC2-4CB0-82BE-D7242E95328F}.Release|x64.Build.0 = Release|x64
		{63D92EC4-6FC2-4CB0-82BE-D7242E95328F}.Release|x86.ActiveCfg = Release|Win32
		{63D92EC4-6FC2-4CB0-82BE-D7242E95328F}.Release|x86.Build.0 = Release|Win32
		{D5C01EB5-64A9-493F-AF89-BFEB108B3290}.Debug|x64.ActiveCfg = Debug|x64
		{D5C01EB5-64A9-493F-AF89-BFEB108B3290}.Debug|x64.Build.0 = Debug|x64
		{D5C01EB5-64A9-493F-AF89-BFEB108B3290}.Debug|x86.ActiveCfg = Debug|Win32
		{D5C01EB5-64A9-493F-AF89-BFEB108B3290}.Debug|x86.Build.0 = Debug|Win32
		{D5C01EB5-64A9-493F-AF89-BFEB108B3290}.Release|x64.ActiveCfg = Release|x64
		{D5C01EB5-64A9-493F-AF89-BFEB108B3290}.Release|x64.Build.0 = Release|x64
		{D5C01EB5-64A9-493F-AF89-BFEB108B3290}.Release|x86.ActiveCfg = Release|Win32
		{D5C01EB5-64A9-493F-AF89-BFEB108B3290}.Release|x86.Build.0 = Release|Win32
	EndGlobalSection
	GlobalSection(SolutionProperties) = preSolution
		HideSolutionNode = FALSE
	EndGlobalSection
	GlobalSection(ExtensibilityGlobals) = postSolution
		SolutionGuid = {0B1F04F1-EDAD-4707-B777-0F1D6893275E}
	EndGlobalSection
EndGlobal
