<?xml version="1.0" encoding="utf-8"?>
<Project ToolsVersion="4.0" xmlns="http://schemas.microsoft.com/developer/msbuild/2003">
  <ItemGroup>
    <ClCompile Include="src\Cube.cpp" />
    <ClCompile Include="src\Main.cpp" />
  </ItemGroup>
  <ItemGroup>
    <ClInclude Include="headers\Cube.h" />
  </ItemGroup>
  <ItemGroup>
    <None Include="shaders\cube.fs.glsl" />
    <None Include="shaders\cube.vs.glsl" />
  </ItemGroup>
</Project>